
Microsoft Visual Studio Solution File, Format Version 12.00
Project("{FAE04EC0-301F-11D3-BF4B-00C04F79EFBC}") = "SteamBannerGen", "SteamBannerGen\SteamBannerGen.csproj", "{B3F89027-48FB-48C0-84BE-022B16EB428F}"
EndProject
Global
	GlobalSection(SolutionConfigurationPlatforms) = preSolution
		Debug|Any CPU = Debug|Any CPU
		Release|Any CPU = Release|Any CPU
	EndGlobalSection
	GlobalSection(ProjectConfigurationPlatforms) = postSolution
		{B3F89027-48FB-48C0-84BE-022B16EB428F}.Debug|Any CPU.ActiveCfg = Debug|Any CPU
		{B3F89027-48FB-48C0-84BE-022B16EB428F}.Debug|Any CPU.Build.0 = Debug|Any CPU
		{B3F89027-48FB-48C0-84BE-022B16EB428F}.Release|Any CPU.ActiveCfg = Release|Any CPU
		{B3F89027-48FB-48C0-84BE-022B16EB428F}.Release|Any CPU.Build.0 = Release|Any CPU
	EndGlobalSection
EndGlobal
